// !$*UTF8*$!
{
	archiveVersion = 1;
	classes = {
	};
	objectVersion = 50;
	objects = {

/* Begin PBXBuildFile section */
		5110E3BA23EA6084002E87AA /* AppDelegate.swift in Sources */ = {isa = PBXBuildFile; fileRef = 5110E3B923EA6084002E87AA /* AppDelegate.swift */; };
		5110E3BE23EA6084002E87AA /* ViewController.swift in Sources */ = {isa = PBXBuildFile; fileRef = 5110E3BD23EA6084002E87AA /* ViewController.swift */; };
		5110E3C323EA6086002E87AA /* Assets.xcassets in Resources */ = {isa = PBXBuildFile; fileRef = 5110E3C223EA6086002E87AA /* Assets.xcassets */; };
		5110E3C623EA6086002E87AA /* Launch.storyboard in Resources */ = {isa = PBXBuildFile; fileRef = 5110E3C423EA6086002E87AA /* Launch.storyboard */; };
		5110E3CE23EA611B002E87AA /* Main.storyboard in Resources */ = {isa = PBXBuildFile; fileRef = 5110E3CD23EA611B002E87AA /* Main.storyboard */; };
		5110E3D423EA6380002E87AA /* Game.swift in Sources */ = {isa = PBXBuildFile; fileRef = 5110E3D323EA6380002E87AA /* Game.swift */; };
		5110E3D623EA6550002E87AA /* Cells.swift in Sources */ = {isa = PBXBuildFile; fileRef = 5110E3D523EA6550002E87AA /* Cells.swift */; };
/* End PBXBuildFile section */

/* Begin PBXFileReference section */
		5110E3B623EA6084002E87AA /* TicTacToeMVP.app */ = {isa = PBXFileReference; explicitFileType = wrapper.application; includeInIndex = 0; path = TicTacToeMVP.app; sourceTree = BUILT_PRODUCTS_DIR; };
		5110E3B923EA6084002E87AA /* AppDelegate.swift */ = {isa = PBXFileReference; lastKnownFileType = sourcecode.swift; path = AppDelegate.swift; sourceTree = "<group>"; };
		5110E3BD23EA6084002E87AA /* ViewController.swift */ = {isa = PBXFileReference; lastKnownFileType = sourcecode.swift; path = ViewController.swift; sourceTree = "<group>"; };
		5110E3C223EA6086002E87AA /* Assets.xcassets */ = {isa = PBXFileReference; lastKnownFileType = folder.assetcatalog; path = Assets.xcassets; sourceTree = "<group>"; };
		5110E3C523EA6086002E87AA /* Base */ = {isa = PBXFileReference; lastKnownFileType = file.storyboard; name = Base; path = Base.lproj/Launch.storyboard; sourceTree = "<group>"; };
		5110E3C723EA6086002E87AA /* Info.plist */ = {isa = PBXFileReference; lastKnownFileType = text.plist.xml; path = Info.plist; sourceTree = "<group>"; };
		5110E3CD23EA611B002E87AA /* Main.storyboard */ = {isa = PBXFileReference; fileEncoding = 4; lastKnownFileType = file.storyboard; path = Main.storyboard; sourceTree = "<group>"; };
		5110E3D323EA6380002E87AA /* Game.swift */ = {isa = PBXFileReference; lastKnownFileType = sourcecode.swift; path = Game.swift; sourceTree = "<group>"; };
		5110E3D523EA6550002E87AA /* Cells.swift */ = {isa = PBXFileReference; lastKnownFileType = sourcecode.swift; path = Cells.swift; sourceTree = "<group>"; };
/* End PBXFileReference section */

/* Begin PBXFrameworksBuildPhase section */
		5110E3B323EA6084002E87AA /* Frameworks */ = {
			isa = PBXFrameworksBuildPhase;
			buildActionMask = 2147483647;
			files = (
			);
			runOnlyForDeploymentPostprocessing = 0;
		};
/* End PBXFrameworksBuildPhase section */

/* Begin PBXGroup section */
		5110E3AD23EA6084002E87AA = {
			isa = PBXGroup;
			children = (
				5110E3B823EA6084002E87AA /* TicTacToeMVP */,
				5110E3B723EA6084002E87AA /* Products */,
			);
			sourceTree = "<group>";
		};
		5110E3B723EA6084002E87AA /* Products */ = {
			isa = PBXGroup;
			children = (
				5110E3B623EA6084002E87AA /* TicTacToeMVP.app */,
			);
			name = Products;
			sourceTree = "<group>";
		};
		5110E3B823EA6084002E87AA /* TicTacToeMVP */ = {
			isa = PBXGroup;
			children = (
				5110E3D223EA6363002E87AA /* Models */,
				5110E3D023EA62EA002E87AA /* Views */,
				5110E3D123EA634E002E87AA /* Presenters */,
				5110E3C223EA6086002E87AA /* Assets.xcassets */,
				5110E3C723EA6086002E87AA /* Info.plist */,
			);
			path = TicTacToeMVP;
			sourceTree = "<group>";
		};
		5110E3D023EA62EA002E87AA /* Views */ = {
			isa = PBXGroup;
			children = (
				5110E3B923EA6084002E87AA /* AppDelegate.swift */,
				5110E3BD23EA6084002E87AA /* ViewController.swift */,
				5110E3CD23EA611B002E87AA /* Main.storyboard */,
				5110E3C423EA6086002E87AA /* Launch.storyboard */,
			);
			path = Views;
			sourceTree = "<group>";
		};
		5110E3D123EA634E002E87AA /* Presenters */ = {
			isa = PBXGroup;
			children = (
			);
			path = Presenters;
			sourceTree = "<group>";
		};
		5110E3D223EA6363002E87AA /* Models */ = {
			isa = PBXGroup;
			children = (
				5110E3D323EA6380002E87AA /* Game.swift */,
				5110E3D523EA6550002E87AA /* Cells.swift */,
			);
			path = Models;
			sourceTree = "<group>";
		};
/* End PBXGroup section */

/* Begin PBXNativeTarget section */
		5110E3B523EA6084002E87AA /* TicTacToeMVP */ = {
			isa = PBXNativeTarget;
			buildConfigurationList = 5110E3CA23EA6086002E87AA /* Build configuration list for PBXNativeTarget "TicTacToeMVP" */;
			buildPhases = (
				5110E3B223EA6084002E87AA /* Sources */,
				5110E3B323EA6084002E87AA /* Frameworks */,
				5110E3B423EA6084002E87AA /* Resources */,
			);
			buildRules = (
			);
			dependencies = (
			);
			name = TicTacToeMVP;
			productName = TicTacToeMVP;
			productReference = 5110E3B623EA6084002E87AA /* TicTacToeMVP.app */;
			productType = "com.apple.product-type.application";
		};
/* End PBXNativeTarget section */

/* Begin PBXProject section */
		5110E3AE23EA6084002E87AA /* Project object */ = {
			isa = PBXProject;
			attributes = {
				LastSwiftUpdateCheck = 1130;
				LastUpgradeCheck = 1130;
				ORGANIZATIONNAME = "Anh Ha";
				TargetAttributes = {
					5110E3B523EA6084002E87AA = {
						CreatedOnToolsVersion = 11.3;
					};
				};
			};
			buildConfigurationList = 5110E3B123EA6084002E87AA /* Build configuration list for PBXProject "TicTacToeMVP" */;
			compatibilityVersion = "Xcode 9.3";
			developmentRegion = en;
			hasScannedForEncodings = 0;
			knownRegions = (
				en,
				Base,
			);
			mainGroup = 5110E3AD23EA6084002E87AA;
			productRefGroup = 5110E3B723EA6084002E87AA /* Products */;
			projectDirPath = "";
			projectRoot = "";
			targets = (
				5110E3B523EA6084002E87AA /* TicTacToeMVP */,
			);
		};
/* End PBXProject section */

/* Begin PBXResourcesBuildPhase section */
		5110E3B423EA6084002E87AA /* Resources */ = {
			isa = PBXResourcesBuildPhase;
			buildActionMask = 2147483647;
			files = (
				5110E3C623EA6086002E87AA /* Launch.storyboard in Resources */,
				5110E3C323EA6086002E87AA /* Assets.xcassets in Resources */,
				5110E3CE23EA611B002E87AA /* Main.storyboard in Resources */,
			);
			runOnlyForDeploymentPostprocessing = 0;
		};
/* End PBXResourcesBuildPhase section */

/* Begin PBXSourcesBuildPhase section */
		5110E3B223EA6084002E87AA /* Sources */ = {
			isa = PBXSourcesBuildPhase;
			buildActionMask = 2147483647;
			files = (
				5110E3BE23EA6084002E87AA /* ViewController.swift in Sources */,
				5110E3D623EA6550002E87AA /* Cells.swift in Sources */,
				5110E3D423EA6380002E87AA /* Game.swift in Sources */,
				5110E3BA23EA6084002E87AA /* AppDelegate.swift in Sources */,
			);
			runOnlyForDeploymentPostprocessing = 0;
		};
/* End PBXSourcesBuildPhase section */

/* Begin PBXVariantGroup section */
		5110E3C423EA6086002E87AA /* Launch.storyboard */ = {
			isa = PBXVariantGroup;
			children = (
				5110E3C523EA6086002E87AA /* Base */,
			);
			name = Launch.storyboard;
			sourceTree = "<group>";
		};
/* End PBXVariantGroup section */

/* Begin XCBuildConfiguration section */
		5110E3C823EA6086002E87AA /* Debug */ = {
			isa = XCBuildConfiguration;
			buildSettings = {
				ALWAYS_SEARCH_USER_PATHS = NO;
				CLANG_ANALYZER_NONNULL = YES;
				CLANG_ANALYZER_NUMBER_OBJECT_CONVERSION = YES_AGGRESSIVE;
				CLANG_CXX_LANGUAGE_STANDARD = "gnu++14";
				CLANG_CXX_LIBRARY = "libc++";
				CLANG_ENABLE_MODULES = YES;
				CLANG_ENABLE_OBJC_ARC = YES;
				CLANG_ENABLE_OBJC_WEAK = YES;
				CLANG_WARN_BLOCK_CAPTURE_AUTORELEASING = YES;
				CLANG_WARN_BOOL_CONVERSION = YES;
				CLANG_WARN_COMMA = YES;
				CLANG_WARN_CONSTANT_CONVERSION = YES;
				CLANG_WARN_DEPRECATED_OBJC_IMPLEMENTATIONS = YES;
				CLANG_WARN_DIRECT_OBJC_ISA_USAGE = YES_ERROR;
				CLANG_WARN_DOCUMENTATION_COMMENTS = YES;
				CLANG_WARN_EMPTY_BODY = YES;
				CLANG_WARN_ENUM_CONVERSION = YES;
				CLANG_WARN_INFINITE_RECURSION = YES;
				CLANG_WARN_INT_CONVERSION = YES;
				CLANG_WARN_NON_LITERAL_NULL_CONVERSION = YES;
				CLANG_WARN_OBJC_IMPLICIT_RETAIN_SELF = YES;
				CLANG_WARN_OBJC_LITERAL_CONVERSION = YES;
				CLANG_WARN_OBJC_ROOT_CLASS = YES_ERROR;
				CLANG_WARN_RANGE_LOOP_ANALYSIS = YES;
				CLANG_WARN_STRICT_PROTOTYPES = YES;
				CLANG_WARN_SUSPICIOUS_MOVE = YES;
				CLANG_WARN_UNGUARDED_AVAILABILITY = YES_AGGRESSIVE;
				CLANG_WARN_UNREACHABLE_CODE = YES;
				CLANG_WARN__DUPLICATE_METHOD_MATCH = YES;
				COPY_PHASE_STRIP = NO;
				DEBUG_INFORMATION_FORMAT = dwarf;
				ENABLE_STRICT_OBJC_MSGSEND = YES;
				ENABLE_TESTABILITY = YES;
				GCC_C_LANGUAGE_STANDARD = gnu11;
				GCC_DYNAMIC_NO_PIC = NO;
				GCC_NO_COMMON_BLOCKS = YES;
				GCC_OPTIMIZATION_LEVEL = 0;
				GCC_PREPROCESSOR_DEFINITIONS = (
					"DEBUG=1",
					"$(inherited)",
				);
				GCC_WARN_64_TO_32_BIT_CONVERSION = YES;
				GCC_WARN_ABOUT_RETURN_TYPE = YES_ERROR;
				GCC_WARN_UNDECLARED_SELECTOR = YES;
				GCC_WARN_UNINITIALIZED_AUTOS = YES_AGGRESSIVE;
				GCC_WARN_UNUSED_FUNCTION = YES;
				GCC_WARN_UNUSED_VARIABLE = YES;
				IPHONEOS_DEPLOYMENT_TARGET = 13.2;
				MTL_ENABLE_DEBUG_INFO = INCLUDE_SOURCE;
				MTL_FAST_MATH = YES;
				ONLY_ACTIVE_ARCH = YES;
				SDKROOT = iphoneos;
				SWIFT_ACTIVE_COMPILATION_CONDITIONS = DEBUG;
				SWIFT_OPTIMIZATION_LEVEL = "-Onone";
			};
			name = Debug;
		};
		5110E3C923EA6086002E87AA /* Release */ = {
			isa = XCBuildConfiguration;
			buildSettings = {
				ALWAYS_SEARCH_USER_PATHS = NO;
				CLANG_ANALYZER_NONNULL = YES;
				CLANG_ANALYZER_NUMBER_OBJECT_CONVERSION = YES_AGGRESSIVE;
				CLANG_CXX_LANGUAGE_STANDARD = "gnu++14";
				CLANG_CXX_LIBRARY = "libc++";
				CLANG_ENABLE_MODULES = YES;
				CLANG_ENABLE_OBJC_ARC = YES;
				CLANG_ENABLE_OBJC_WEAK = YES;
				CLANG_WARN_BLOCK_CAPTURE_AUTORELEASING = YES;
				CLANG_WARN_BOOL_CONVERSION = YES;
				CLANG_WARN_COMMA = YES;
				CLANG_WARN_CONSTANT_CONVERSION = YES;
				CLANG_WARN_DEPRECATED_OBJC_IMPLEMENTATIONS = YES;
				CLANG_WARN_DIRECT_OBJC_ISA_USAGE = YES_ERROR;
				CLANG_WARN_DOCUMENTATION_COMMENTS = YES;
				CLANG_WARN_EMPTY_BODY = YES;
				CLANG_WARN_ENUM_CONVERSION = YES;
				CLANG_WARN_INFINITE_RECURSION = YES;
				CLANG_WARN_INT_CONVERSION = YES;
				CLANG_WARN_NON_LITERAL_NULL_CONVERSION = YES;
				CLANG_WARN_OBJC_IMPLICIT_RETAIN_SELF = YES;
				CLANG_WARN_OBJC_LITERAL_CONVERSION = YES;
				CLANG_WARN_OBJC_ROOT_CLASS = YES_ERROR;
				CLANG_WARN_RANGE_LOOP_ANALYSIS = YES;
				CLANG_WARN_STRICT_PROTOTYPES = YES;
				CLANG_WARN_SUSPICIOUS_MOVE = YES;
				CLANG_WARN_UNGUARDED_AVAILABILITY = YES_AGGRESSIVE;
				CLANG_WARN_UNREACHABLE_CODE = YES;
				CLANG_WARN__DUPLICATE_METHOD_MATCH = YES;
				COPY_PHASE_STRIP = NO;
				DEBUG_INFORMATION_FORMAT = "dwarf-with-dsym";
				ENABLE_NS_ASSERTIONS = NO;
				ENABLE_STRICT_OBJC_MSGSEND = YES;
				GCC_C_LANGUAGE_STANDARD = gnu11;
				GCC_NO_COMMON_BLOCKS = YES;
				GCC_WARN_64_TO_32_BIT_CONVERSION = YES;
				GCC_WARN_ABOUT_RETURN_TYPE = YES_ERROR;
				GCC_WARN_UNDECLARED_SELECTOR = YES;
				GCC_WARN_UNINITIALIZED_AUTOS = YES_AGGRESSIVE;
				GCC_WARN_UNUSED_FUNCTION = YES;
				GCC_WARN_UNUSED_VARIABLE = YES;
				IPHONEOS_DEPLOYMENT_TARGET = 13.2;
				MTL_ENABLE_DEBUG_INFO = NO;
				MTL_FAST_MATH = YES;
				SDKROOT = iphoneos;
				SWIFT_COMPILATION_MODE = wholemodule;
				SWIFT_OPTIMIZATION_LEVEL = "-O";
				VALIDATE_PRODUCT = YES;
			};
			name = Release;
		};
		5110E3CB23EA6086002E87AA /* Debug */ = {
			isa = XCBuildConfiguration;
			buildSettings = {
				ASSETCATALOG_COMPILER_APPICON_NAME = AppIcon;
				CODE_SIGN_STYLE = Automatic;
				DEVELOPMENT_TEAM = 9Y6RS2D6XP;
				INFOPLIST_FILE = TicTacToeMVP/Info.plist;
				IPHONEOS_DEPLOYMENT_TARGET = 11.0;
				LD_RUNPATH_SEARCH_PATHS = (
					"$(inherited)",
					"@executable_path/Frameworks",
				);
				PRODUCT_BUNDLE_IDENTIFIER = com.haanh.TicTacToeMVP;
				PRODUCT_NAME = "$(TARGET_NAME)";
				SWIFT_VERSION = 5.0;
				TARGETED_DEVICE_FAMILY = "1,2";
			};
			name = Debug;
		};
		5110E3CC23EA6086002E87AA /* Release */ = {
			isa = XCBuildConfiguration;
			buildSettings = {
				ASSETCATALOG_COMPILER_APPICON_NAME = AppIcon;
				CODE_SIGN_STYLE = Automatic;
				DEVELOPMENT_TEAM = 9Y6RS2D6XP;
				INFOPLIST_FILE = TicTacToeMVP/Info.plist;
				IPHONEOS_DEPLOYMENT_TARGET = 11.0;
				LD_RUNPATH_SEARCH_PATHS = (
					"$(inherited)",
					"@executable_path/Frameworks",
				);
				PRODUCT_BUNDLE_IDENTIFIER = com.haanh.TicTacToeMVP;
				PRODUCT_NAME = "$(TARGET_NAME)";
				SWIFT_VERSION = 5.0;
				TARGETED_DEVICE_FAMILY = "1,2";
			};
			name = Release;
		};
/* End XCBuildConfiguration section */

/* Begin XCConfigurationList section */
		5110E3B123EA6084002E87AA /* Build configuration list for PBXProject "TicTacToeMVP" */ = {
			isa = XCConfigurationList;
			buildConfigurations = (
				5110E3C823EA6086002E87AA /* Debug */,
				5110E3C923EA6086002E87AA /* Release */,
			);
			defaultConfigurationIsVisible = 0;
			defaultConfigurationName = Release;
		};
		5110E3CA23EA6086002E87AA /* Build configuration list for PBXNativeTarget "TicTacToeMVP" */ = {
			isa = XCConfigurationList;
			buildConfigurations = (
				5110E3CB23EA6086002E87AA /* Debug */,
				5110E3CC23EA6086002E87AA /* Release */,
			);
			defaultConfigurationIsVisible = 0;
			defaultConfigurationName = Release;
		};
/* End XCConfigurationList section */
	};
	rootObject = 5110E3AE23EA6084002E87AA /* Project object */;
}
